github.com/OneOfOne/xxhash v1.2.2/go.mod h1:HSdplMjZKSmBqAxg5vPj2TmRDmfkzw+cTzAElWljhcU=
github.com/cespare/xxhash v1.1.0 h1:a6HrQnmkObjyL+Gs60czilIUGqrzKutQD6XZog3p+ko=
github.com/cespare/xxhash v1.1.0/go.mod h1:XrSqR1VqqWfGrhpAt58auRo0WTKS1nRRg3ghfAqPWnc=
github.com/cespare/xxhash/v2 v2.1.1 h1:6MnRN8NT7+YBpUIWxHtefFZOKTAPgGjpQSxqLNn0+qY=
github.com/cespare/xxhash/v2 v2.1.1/go.mod h1:VGX0DQ3Q6kWi7AoAeZDth3/j3BFtOZR5XLFGgcrjCOs=
github.com/dgryski/go-jump v0.0.0-20211018200510-ba001c3ffce0 h1:0wH6nO9QEa02Qx8sIQGw6ieKdz+BXjpccSOo9vXNl4U=
github.com/dgryski/go-jump v0.0.0-20211018200510-ba001c3ffce0/go.mod h1:4hKCXuwrJoYvHZxJ86+bRVTOMyJ0Ej+RqfSm8mHi6KA=
github.com/edwingeng/doublejump/v2 v2.0.0 h1:PGAVSffTiIORFOB7834zOZguAtbBOfuDvR8s0lOsBiI=
github.com/edwingeng/doublejump/v2 v2.0.0/go.mod h1:YxSKY3z+VhXWBZNqeiEDHF6ZEWKhrxKFoJ+SrGnyoF4=
github.com/gobwas/avl v0.2.1 h1:OouPC2xX+YJP68utNzt2d/HYXanS6NscqSRf/F+cNIw=
github.com/gobwas/avl v0.2.1/go.mod h1:neVstOcTQ/HtFQZsBZlejOtalADU66OtirPXWrv8BCo=
github.com/gobwas/hashring v0.2.0 h1:GpMipAfxpAIOAq4cV3gDgYo1Jo9jOQXs/VHv+nUnPvs=
github.com/gobwas/hashring v0.2.0/go.mod h1:MlTayNk6bU6yfbEuum/aaKi9YsC3YcwiRLUflXqjpc0=
github.com/nobound/go-consistent v0.0.0-20240210200824-b8cb38fbcb0b h1:2fvGEpbhHTuj4qYYngX4N/gettcCJOalBcFWV0A0eVo=
github.com/nobound/go-consistent v0.0.0-20240210200824-b8cb38fbcb0b/go.mod h1:z6NsOS1rc06sHKci0PJmdNp9W6vn/CotVWSbCK0+KAo=
github.com/spaolacci/murmur3 v0.0.0-20180118202830-f09979ecbc72/go.mod h1:JwIasOWyU6f++ZhiEuf87xNszmSA2myDM2Kzu9HwQUA=
